
Microsoft Visual Studio Solution File, Format Version 12.00
# Visual Studio 15
VisualStudioVersion = 15.0.28307.136
MinimumVisualStudioVersion = 10.0.40219.1
Project("{FAE04EC0-301F-11D3-BF4B-00C04F79EFBC}") = "Beaufort", "Beaufort\Beaufort.csproj", "{DC2430CF-FBEC-4493-B47A-F784B4E2EBA0}"
EndProject
Project("{FAE04EC0-301F-11D3-BF4B-00C04F79EFBC}") = "FritzTheDog", "FritzTheDog\FritzTheDog.csproj", "{8DA4DC66-D3D7-4599-ABC4-C8B63AC8D1FD}"
EndProject
Project("{FAE04EC0-301F-11D3-BF4B-00C04F79EFBC}") = "InputComponents", "InputComponents\InputComponents.csproj", "{A2B1FADF-1061-463D-96E2-F76A0256236C}"
EndProject
Project("{FAE04EC0-301F-11D3-BF4B-00C04F79EFBC}") = "TestComponents", "TestComponents\TestComponents.csproj", "{9723C06A-69D9-4385-9587-C0099360DB73}"
EndProject
Project("{FAE04EC0-301F-11D3-BF4B-00C04F79EFBC}") = "InputComponents_Test", "InputComponents\InputComponents_Test\InputComponents_Test.csproj", "{B40DD86B-D966-43C9-8117-BA252D9939DD}"
EndProject
Project("{FAE04EC0-301F-11D3-BF4B-00C04F79EFBC}") = "Beaufort_Test", "Beaufort\Beaufort_Test\Beaufort_Test.csproj", "{A3C74BA0-0D30-40C1-8A08-76ED50704ECF}"
EndProject
Project("{2150E333-8FDC-42A3-9474-1A3956D46DE8}") = "Solution Items", "Solution Items", "{DFD672C2-DF41-4299-A36E-312AAA117D99}"
	ProjectSection(SolutionItems) = preProject
		.gitignore = .gitignore
	EndProjectSection
EndProject
Global
	GlobalSection(SolutionConfigurationPlatforms) = preSolution
		Debug|Any CPU = Debug|Any CPU
		Release|Any CPU = Release|Any CPU
	EndGlobalSection
	GlobalSection(ProjectConfigurationPlatforms) = postSolution
		{DC2430CF-FBEC-4493-B47A-F784B4E2EBA0}.Debug|Any CPU.ActiveCfg = Debug|Any CPU
		{DC2430CF-FBEC-4493-B47A-F784B4E2EBA0}.Debug|Any CPU.Build.0 = Debug|Any CPU
		{DC2430CF-FBEC-4493-B47A-F784B4E2EBA0}.Release|Any CPU.ActiveCfg = Release|Any CPU
		{DC2430CF-FBEC-4493-B47A-F784B4E2EBA0}.Release|Any CPU.Build.0 = Release|Any CPU
		{8DA4DC66-D3D7-4599-ABC4-C8B63AC8D1FD}.Debug|Any CPU.ActiveCfg = Debug|Any CPU
		{8DA4DC66-D3D7-4599-ABC4-C8B63AC8D1FD}.Debug|Any CPU.Build.0 = Debug|Any CPU
		{8DA4DC66-D3D7-4599-ABC4-C8B63AC8D1FD}.Release|Any CPU.ActiveCfg = Release|Any CPU
		{8DA4DC66-D3D7-4599-ABC4-C8B63AC8D1FD}.Release|Any CPU.Build.0 = Release|Any CPU
		{A2B1FADF-1061-463D-96E2-F76A0256236C}.Debug|Any CPU.ActiveCfg = Debug|Any CPU
		{A2B1FADF-1061-463D-96E2-F76A0256236C}.Debug|Any CPU.Build.0 = Debug|Any CPU
		{A2B1FADF-1061-463D-96E2-F76A0256236C}.Release|Any CPU.ActiveCfg = Release|Any CPU
		{A2B1FADF-1061-463D-96E2-F76A0256236C}.Release|Any CPU.Build.0 = Release|Any CPU
		{9723C06A-69D9-4385-9587-C0099360DB73}.Debug|Any CPU.ActiveCfg = Debug|Any CPU
		{9723C06A-69D9-4385-9587-C0099360DB73}.Debug|Any CPU.Build.0 = Debug|Any CPU
		{9723C06A-69D9-4385-9587-C0099360DB73}.Release|Any CPU.ActiveCfg = Release|Any CPU
		{9723C06A-69D9-4385-9587-C0099360DB73}.Release|Any CPU.Build.0 = Release|Any CPU
		{B40DD86B-D966-43C9-8117-BA252D9939DD}.Debug|Any CPU.ActiveCfg = Debug|Any CPU
		{B40DD86B-D966-43C9-8117-BA252D9939DD}.Debug|Any CPU.Build.0 = Debug|Any CPU
		{B40DD86B-D966-43C9-8117-BA252D9939DD}.Release|Any CPU.ActiveCfg = Release|Any CPU
		{B40DD86B-D966-43C9-8117-BA252D9939DD}.Release|Any CPU.Build.0 = Release|Any CPU
		{A3C74BA0-0D30-40C1-8A08-76ED50704ECF}.Debug|Any CPU.ActiveCfg = Debug|Any CPU
		{A3C74BA0-0D30-40C1-8A08-76ED50704ECF}.Debug|Any CPU.Build.0 = Debug|Any CPU
		{A3C74BA0-0D30-40C1-8A08-76ED50704ECF}.Release|Any CPU.ActiveCfg = Release|Any CPU
		{A3C74BA0-0D30-40C1-8A08-76ED50704ECF}.Release|Any CPU.Build.0 = Release|Any CPU
	EndGlobalSection
	GlobalSection(SolutionProperties) = preSolution
		HideSolutionNode = FALSE
	EndGlobalSection
	GlobalSection(ExtensibilityGlobals) = postSolution
		SolutionGuid = {E0BC7DBC-3459-4776-8459-728719CB7B64}
	EndGlobalSection
EndGlobal
